{
  "requires": true,
  "lockfileVersion": 1,
  "dependencies": {
    "@grapecity/spread-excelio": {
      "version": "14.0.4",
      "resolved": "https://registry.npmjs.org/@grapecity/spread-excelio/-/spread-excelio-14.0.4.tgz",
      "integrity": "sha512-L6m0PY0i6Cm7atp+zUk3V/9N9AfmkuNj8GOWb/9t4lJVakZHHZIeBSi5YRymV9TvBTrSlLUbMNu6yfpJzl/k0g==",
      "requires": {
        "@grapecity/spread-sheets": "14.0.4"
      }
    },
    "@grapecity/spread-sheets": {
      "version": "14.0.4",
      "resolved": "https://registry.npmjs.org/@grapecity/spread-sheets/-/spread-sheets-14.0.4.tgz",
      "integrity": "sha512-xj26L4jY0dg3lerGVSCWH56oTkfQEY/yAYp39rQM3XCQWBa2dtgu39Uz4pyEcQ6Jg+soWf33OPgVAcutMCeVGw=="
    },
    "jquery": {
      "version": "3.5.1",
      "resolved": "https://registry.npmjs.org/jquery/-/jquery-3.5.1.tgz",
      "integrity": "sha512-XwIBPqcMn57FxfT+Go5pzySnm4KWkT1Tv7gjrpT1srtf8Weynl6R273VJ5GjkRb51IzMp5nbaPjJXMWeju2MKg=="
    }
  }
}
